
Microsoft Visual Studio Solution File, Format Version 12.00
# Visual Studio Version 16
VisualStudioVersion = 16.0.29319.158
MinimumVisualStudioVersion = 10.0.40219.1
Project("{9A19103F-16F7-4668-BE54-9A1E7A4F7556}") = "Менеджер", "Менеджер\Менеджер.csproj", "{787F25D9-3A26-4201-9E23-4A72D92010DC}"
EndProject
Global
	GlobalSection(SolutionConfigurationPlatforms) = preSolution
		Debug|Any CPU = Debug|Any CPU
		Release|Any CPU = Release|Any CPU
	EndGlobalSection
	GlobalSection(ProjectConfigurationPlatforms) = postSolution
		{787F25D9-3A26-4201-9E23-4A72D92010DC}.Debug|Any CPU.ActiveCfg = Debug|Any CPU
		{787F25D9-3A26-4201-9E23-4A72D92010DC}.Debug|Any CPU.Build.0 = Debug|Any CPU
		{787F25D9-3A26-4201-9E23-4A72D92010DC}.Release|Any CPU.ActiveCfg = Release|Any CPU
		{787F25D9-3A26-4201-9E23-4A72D92010DC}.Release|Any CPU.Build.0 = Release|Any CPU
	EndGlobalSection
	GlobalSection(SolutionProperties) = preSolution
		HideSolutionNode = FALSE
	EndGlobalSection
	GlobalSection(ExtensibilityGlobals) = postSolution
		EnterpriseLibraryConfigurationToolBinariesPath = packages\Unity.2.1.505.0\lib\NET35
		SolutionGuid = {778C509F-C132-49AA-8035-CF26C473E464}
	EndGlobalSection
EndGlobal
